// !$*UTF8*$!
{
	archiveVersion = 1;
	classes = {
	};
	objectVersion = 50;
	objects = {

/* Begin PBXBuildFile section */
		C51E0EE82426E074008D0F0F /* FavoritesView.swift in Sources */ = {isa = PBXBuildFile; fileRef = C51E0EE72426E074008D0F0F /* FavoritesView.swift */; };
		C51E0EEA2426E097008D0F0F /* Favorites.swift in Sources */ = {isa = PBXBuildFile; fileRef = C51E0EE92426E097008D0F0F /* Favorites.swift */; };
		C57435FB24141A390011E746 /* OrderView.swift in Sources */ = {isa = PBXBuildFile; fileRef = C57435FA24141A390011E746 /* OrderView.swift */; };
		C57435FD24141E510011E746 /* AppView.swift in Sources */ = {isa = PBXBuildFile; fileRef = C57435FC24141E510011E746 /* AppView.swift */; };
		C57435FF241421E10011E746 /* CheckoutView.swift in Sources */ = {isa = PBXBuildFile; fileRef = C57435FE241421E10011E746 /* CheckoutView.swift */; };
		C5DCAF68240AD6E900353623 /* AppDelegate.swift in Sources */ = {isa = PBXBuildFile; fileRef = C5DCAF67240AD6E900353623 /* AppDelegate.swift */; };
		C5DCAF6A240AD6E900353623 /* SceneDelegate.swift in Sources */ = {isa = PBXBuildFile; fileRef = C5DCAF69240AD6E900353623 /* SceneDelegate.swift */; };
		C5DCAF6C240AD6E900353623 /* ContentView.swift in Sources */ = {isa = PBXBuildFile; fileRef = C5DCAF6B240AD6E900353623 /* ContentView.swift */; };
		C5DCAF6E240AD6EB00353623 /* Assets.xcassets in Resources */ = {isa = PBXBuildFile; fileRef = C5DCAF6D240AD6EB00353623 /* Assets.xcassets */; };
		C5DCAF71240AD6EB00353623 /* Preview Assets.xcassets in Resources */ = {isa = PBXBuildFile; fileRef = C5DCAF70240AD6EB00353623 /* Preview Assets.xcassets */; };
		C5DCAF74240AD6EB00353623 /* LaunchScreen.storyboard in Resources */ = {isa = PBXBuildFile; fileRef = C5DCAF72240AD6EB00353623 /* LaunchScreen.storyboard */; };
		C5DCAF7F240AD98900353623 /* Helper.swift in Sources */ = {isa = PBXBuildFile; fileRef = C5DCAF7B240AD98900353623 /* Helper.swift */; };
		C5DCAF80240AD98900353623 /* menu.json in Resources */ = {isa = PBXBuildFile; fileRef = C5DCAF7C240AD98900353623 /* menu.json */; };
		C5DCAF81240AD98900353623 /* Menu.swift in Sources */ = {isa = PBXBuildFile; fileRef = C5DCAF7D240AD98900353623 /* Menu.swift */; };
		C5DCAF82240AD98900353623 /* Order.swift in Sources */ = {isa = PBXBuildFile; fileRef = C5DCAF7E240AD98900353623 /* Order.swift */; };
		C5DCAF84240AE1F000353623 /* ItemView.swift in Sources */ = {isa = PBXBuildFile; fileRef = C5DCAF83240AE1F000353623 /* ItemView.swift */; };
		C5DCAF86240AEE1900353623 /* ItemDetailView.swift in Sources */ = {isa = PBXBuildFile; fileRef = C5DCAF85240AEE1900353623 /* ItemDetailView.swift */; };
/* End PBXBuildFile section */

/* Begin PBXFileReference section */
		C51E0EE72426E074008D0F0F /* FavoritesView.swift */ = {isa = PBXFileReference; lastKnownFileType = sourcecode.swift; path = FavoritesView.swift; sourceTree = "<group>"; };
		C51E0EE92426E097008D0F0F /* Favorites.swift */ = {isa = PBXFileReference; lastKnownFileType = sourcecode.swift; path = Favorites.swift; sourceTree = "<group>"; };
		C57435FA24141A390011E746 /* OrderView.swift */ = {isa = PBXFileReference; lastKnownFileType = sourcecode.swift; path = OrderView.swift; sourceTree = "<group>"; };
		C57435FC24141E510011E746 /* AppView.swift */ = {isa = PBXFileReference; lastKnownFileType = sourcecode.swift; path = AppView.swift; sourceTree = "<group>"; };
		C57435FE241421E10011E746 /* CheckoutView.swift */ = {isa = PBXFileReference; lastKnownFileType = sourcecode.swift; path = CheckoutView.swift; sourceTree = "<group>"; };
		C5DCAF64240AD6E900353623 /* SwiftDishApp.app */ = {isa = PBXFileReference; explicitFileType = wrapper.application; includeInIndex = 0; path = SwiftDishApp.app; sourceTree = BUILT_PRODUCTS_DIR; };
		C5DCAF67240AD6E900353623 /* AppDelegate.swift */ = {isa = PBXFileReference; lastKnownFileType = sourcecode.swift; path = AppDelegate.swift; sourceTree = "<group>"; };
		C5DCAF69240AD6E900353623 /* SceneDelegate.swift */ = {isa = PBXFileReference; lastKnownFileType = sourcecode.swift; path = SceneDelegate.swift; sourceTree = "<group>"; };
		C5DCAF6B240AD6E900353623 /* ContentView.swift */ = {isa = PBXFileReference; lastKnownFileType = sourcecode.swift; path = ContentView.swift; sourceTree = "<group>"; };
		C5DCAF6D240AD6EB00353623 /* Assets.xcassets */ = {isa = PBXFileReference; lastKnownFileType = folder.assetcatalog; path = Assets.xcassets; sourceTree = "<group>"; };
		C5DCAF70240AD6EB00353623 /* Preview Assets.xcassets */ = {isa = PBXFileReference; lastKnownFileType = folder.assetcatalog; path = "Preview Assets.xcassets"; sourceTree = "<group>"; };
		C5DCAF73240AD6EB00353623 /* Base */ = {isa = PBXFileReference; lastKnownFileType = file.storyboard; name = Base; path = Base.lproj/LaunchScreen.storyboard; sourceTree = "<group>"; };
		C5DCAF75240AD6EB00353623 /* Info.plist */ = {isa = PBXFileReference; lastKnownFileType = text.plist.xml; path = Info.plist; sourceTree = "<group>"; };
		C5DCAF7B240AD98900353623 /* Helper.swift */ = {isa = PBXFileReference; fileEncoding = 4; lastKnownFileType = sourcecode.swift; path = Helper.swift; sourceTree = "<group>"; };
		C5DCAF7C240AD98900353623 /* menu.json */ = {isa = PBXFileReference; fileEncoding = 4; lastKnownFileType = text.json; path = menu.json; sourceTree = "<group>"; };
		C5DCAF7D240AD98900353623 /* Menu.swift */ = {isa = PBXFileReference; fileEncoding = 4; lastKnownFileType = sourcecode.swift; path = Menu.swift; sourceTree = "<group>"; };
		C5DCAF7E240AD98900353623 /* Order.swift */ = {isa = PBXFileReference; fileEncoding = 4; lastKnownFileType = sourcecode.swift; path = Order.swift; sourceTree = "<group>"; };
		C5DCAF83240AE1F000353623 /* ItemView.swift */ = {isa = PBXFileReference; lastKnownFileType = sourcecode.swift; path = ItemView.swift; sourceTree = "<group>"; };
		C5DCAF85240AEE1900353623 /* ItemDetailView.swift */ = {isa = PBXFileReference; lastKnownFileType = sourcecode.swift; path = ItemDetailView.swift; sourceTree = "<group>"; };
/* End PBXFileReference section */

/* Begin PBXFrameworksBuildPhase section */
		C5DCAF61240AD6E900353623 /* Frameworks */ = {
			isa = PBXFrameworksBuildPhase;
			buildActionMask = 2147483647;
			files = (
			);
			runOnlyForDeploymentPostprocessing = 0;
		};
/* End PBXFrameworksBuildPhase section */

/* Begin PBXGroup section */
		C5DCAF5B240AD6E900353623 = {
			isa = PBXGroup;
			children = (
				C5DCAF66240AD6E900353623 /* SwiftDishApp */,
				C5DCAF65240AD6E900353623 /* Products */,
			);
			sourceTree = "<group>";
		};
		C5DCAF65240AD6E900353623 /* Products */ = {
			isa = PBXGroup;
			children = (
				C5DCAF64240AD6E900353623 /* SwiftDishApp.app */,
			);
			name = Products;
			sourceTree = "<group>";
		};
		C5DCAF66240AD6E900353623 /* SwiftDishApp */ = {
			isa = PBXGroup;
			children = (
				C5DCAF7B240AD98900353623 /* Helper.swift */,
				C5DCAF7C240AD98900353623 /* menu.json */,
				C5DCAF7D240AD98900353623 /* Menu.swift */,
				C5DCAF7E240AD98900353623 /* Order.swift */,
				C57435FA24141A390011E746 /* OrderView.swift */,
				C5DCAF67240AD6E900353623 /* AppDelegate.swift */,
				C5DCAF69240AD6E900353623 /* SceneDelegate.swift */,
				C5DCAF6B240AD6E900353623 /* ContentView.swift */,
				C5DCAF6D240AD6EB00353623 /* Assets.xcassets */,
				C5DCAF72240AD6EB00353623 /* LaunchScreen.storyboard */,
				C5DCAF75240AD6EB00353623 /* Info.plist */,
				C5DCAF6F240AD6EB00353623 /* Preview Content */,
				C5DCAF83240AE1F000353623 /* ItemView.swift */,
				C5DCAF85240AEE1900353623 /* ItemDetailView.swift */,
				C57435FC24141E510011E746 /* AppView.swift */,
				C57435FE241421E10011E746 /* CheckoutView.swift */,
				C51E0EE72426E074008D0F0F /* FavoritesView.swift */,
				C51E0EE92426E097008D0F0F /* Favorites.swift */,
			);
			path = SwiftDishApp;
			sourceTree = "<group>";
		};
		C5DCAF6F240AD6EB00353623 /* Preview Content */ = {
			isa = PBXGroup;
			children = (
				C5DCAF70240AD6EB00353623 /* Preview Assets.xcassets */,
			);
			path = "Preview Content";
			sourceTree = "<group>";
		};
/* End PBXGroup section */

/* Begin PBXNativeTarget section */
		C5DCAF63240AD6E900353623 /* SwiftDishApp */ = {
			isa = PBXNativeTarget;
			buildConfigurationList = C5DCAF78240AD6EB00353623 /* Build configuration list for PBXNativeTarget "SwiftDishApp" */;
			buildPhases = (
				C5DCAF60240AD6E900353623 /* Sources */,
				C5DCAF61240AD6E900353623 /* Frameworks */,
				C5DCAF62240AD6E900353623 /* Resources */,
			);
			buildRules = (
			);
			dependencies = (
			);
			name = SwiftDishApp;
			productName = SwiftDishApp;
			productReference = C5DCAF64240AD6E900353623 /* SwiftDishApp.app */;
			productType = "com.apple.product-type.application";
		};
/* End PBXNativeTarget section */

/* Begin PBXProject section */
		C5DCAF5C240AD6E900353623 /* Project object */ = {
			isa = PBXProject;
			attributes = {
				LastSwiftUpdateCheck = 1130;
				LastUpgradeCheck = 1130;
				ORGANIZATIONNAME = EDDIEWARE;
				TargetAttributes = {
					C5DCAF63240AD6E900353623 = {
						CreatedOnToolsVersion = 11.3.1;
					};
				};
			};
			buildConfigurationList = C5DCAF5F240AD6E900353623 /* Build configuration list for PBXProject "SwiftDishApp" */;
			compatibilityVersion = "Xcode 9.3";
			developmentRegion = en;
			hasScannedForEncodings = 0;
			knownRegions = (
				en,
				Base,
			);
			mainGroup = C5DCAF5B240AD6E900353623;
			productRefGroup = C5DCAF65240AD6E900353623 /* Products */;
			projectDirPath = "";
			projectRoot = "";
			targets = (
				C5DCAF63240AD6E900353623 /* SwiftDishApp */,
			);
		};
/* End PBXProject section */

/* Begin PBXResourcesBuildPhase section */
		C5DCAF62240AD6E900353623 /* Resources */ = {
			isa = PBXResourcesBuildPhase;
			buildActionMask = 2147483647;
			files = (
				C5DCAF74240AD6EB00353623 /* LaunchScreen.storyboard in Resources */,
				C5DCAF71240AD6EB00353623 /* Preview Assets.xcassets in Resources */,
				C5DCAF80240AD98900353623 /* menu.json in Resources */,
				C5DCAF6E240AD6EB00353623 /* Assets.xcassets in Resources */,
			);
			runOnlyForDeploymentPostprocessing = 0;
		};
/* End PBXResourcesBuildPhase section */

/* Begin PBXSourcesBuildPhase section */
		C5DCAF60240AD6E900353623 /* Sources */ = {
			isa = PBXSourcesBuildPhase;
			buildActionMask = 2147483647;
			files = (
				C5DCAF82240AD98900353623 /* Order.swift in Sources */,
				C57435FF241421E10011E746 /* CheckoutView.swift in Sources */,
				C5DCAF68240AD6E900353623 /* AppDelegate.swift in Sources */,
				C5DCAF6A240AD6E900353623 /* SceneDelegate.swift in Sources */,
				C5DCAF6C240AD6E900353623 /* ContentView.swift in Sources */,
				C5DCAF86240AEE1900353623 /* ItemDetailView.swift in Sources */,
				C5DCAF84240AE1F000353623 /* ItemView.swift in Sources */,
				C57435FB24141A390011E746 /* OrderView.swift in Sources */,
				C51E0EE82426E074008D0F0F /* FavoritesView.swift in Sources */,
				C5DCAF7F240AD98900353623 /* Helper.swift in Sources */,
				C57435FD24141E510011E746 /* AppView.swift in Sources */,
				C5DCAF81240AD98900353623 /* Menu.swift in Sources */,
				C51E0EEA2426E097008D0F0F /* Favorites.swift in Sources */,
			);
			runOnlyForDeploymentPostprocessing = 0;
		};
/* End PBXSourcesBuildPhase section */

/* Begin PBXVariantGroup section */
		C5DCAF72240AD6EB00353623 /* LaunchScreen.storyboard */ = {
			isa = PBXVariantGroup;
			children = (
				C5DCAF73240AD6EB00353623 /* Base */,
			);
			name = LaunchScreen.storyboard;
			sourceTree = "<group>";
		};
/* End PBXVariantGroup section */

/* Begin XCBuildConfiguration section */
		C5DCAF76240AD6EB00353623 /* Debug */ = {
			isa = XCBuildConfiguration;
			buildSettings = {
				ALWAYS_SEARCH_USER_PATHS = NO;
				CLANG_ANALYZER_NONNULL = YES;
				CLANG_ANALYZER_NUMBER_OBJECT_CONVERSION = YES_AGGRESSIVE;
				CLANG_CXX_LANGUAGE_STANDARD = "gnu++14";
				CLANG_CXX_LIBRARY = "libc++";
				CLANG_ENABLE_MODULES = YES;
				CLANG_ENABLE_OBJC_ARC = YES;
				CLANG_ENABLE_OBJC_WEAK = YES;
				CLANG_WARN_BLOCK_CAPTURE_AUTORELEASING = YES;
				CLANG_WARN_BOOL_CONVERSION = YES;
				CLANG_WARN_COMMA = YES;
				CLANG_WARN_CONSTANT_CONVERSION = YES;
				CLANG_WARN_DEPRECATED_OBJC_IMPLEMENTATIONS = YES;
				CLANG_WARN_DIRECT_OBJC_ISA_USAGE = YES_ERROR;
				CLANG_WARN_DOCUMENTATION_COMMENTS = YES;
				CLANG_WARN_EMPTY_BODY = YES;
				CLANG_WARN_ENUM_CONVERSION = YES;
				CLANG_WARN_INFINITE_RECURSION = YES;
				CLANG_WARN_INT_CONVERSION = YES;
				CLANG_WARN_NON_LITERAL_NULL_CONVERSION = YES;
				CLANG_WARN_OBJC_IMPLICIT_RETAIN_SELF = YES;
				CLANG_WARN_OBJC_LITERAL_CONVERSION = YES;
				CLANG_WARN_OBJC_ROOT_CLASS = YES_ERROR;
				CLANG_WARN_RANGE_LOOP_ANALYSIS = YES;
				CLANG_WARN_STRICT_PROTOTYPES = YES;
				CLANG_WARN_SUSPICIOUS_MOVE = YES;
				CLANG_WARN_UNGUARDED_AVAILABILITY = YES_AGGRESSIVE;
				CLANG_WARN_UNREACHABLE_CODE = YES;
				CLANG_WARN__DUPLICATE_METHOD_MATCH = YES;
				COPY_PHASE_STRIP = NO;
				DEBUG_INFORMATION_FORMAT = dwarf;
				ENABLE_STRICT_OBJC_MSGSEND = YES;
				ENABLE_TESTABILITY = YES;
				GCC_C_LANGUAGE_STANDARD = gnu11;
				GCC_DYNAMIC_NO_PIC = NO;
				GCC_NO_COMMON_BLOCKS = YES;
				GCC_OPTIMIZATION_LEVEL = 0;
				GCC_PREPROCESSOR_DEFINITIONS = (
					"DEBUG=1",
					"$(inherited)",
				);
				GCC_WARN_64_TO_32_BIT_CONVERSION = YES;
				GCC_WARN_ABOUT_RETURN_TYPE = YES_ERROR;
				GCC_WARN_UNDECLARED_SELECTOR = YES;
				GCC_WARN_UNINITIALIZED_AUTOS = YES_AGGRESSIVE;
				GCC_WARN_UNUSED_FUNCTION = YES;
				GCC_WARN_UNUSED_VARIABLE = YES;
				IPHONEOS_DEPLOYMENT_TARGET = 13.2;
				MTL_ENABLE_DEBUG_INFO = INCLUDE_SOURCE;
				MTL_FAST_MATH = YES;
				ONLY_ACTIVE_ARCH = YES;
				SDKROOT = iphoneos;
				SWIFT_ACTIVE_COMPILATION_CONDITIONS = DEBUG;
				SWIFT_OPTIMIZATION_LEVEL = "-Onone";
			};
			name = Debug;
		};
		C5DCAF77240AD6EB00353623 /* Release */ = {
			isa = XCBuildConfiguration;
			buildSettings = {
				ALWAYS_SEARCH_USER_PATHS = NO;
				CLANG_ANALYZER_NONNULL = YES;
				CLANG_ANALYZER_NUMBER_OBJECT_CONVERSION = YES_AGGRESSIVE;
				CLANG_CXX_LANGUAGE_STANDARD = "gnu++14";
				CLANG_CXX_LIBRARY = "libc++";
				CLANG_ENABLE_MODULES = YES;
				CLANG_ENABLE_OBJC_ARC = YES;
				CLANG_ENABLE_OBJC_WEAK = YES;
				CLANG_WARN_BLOCK_CAPTURE_AUTORELEASING = YES;
				CLANG_WARN_BOOL_CONVERSION = YES;
				CLANG_WARN_COMMA = YES;
				CLANG_WARN_CONSTANT_CONVERSION = YES;
				CLANG_WARN_DEPRECATED_OBJC_IMPLEMENTATIONS = YES;
				CLANG_WARN_DIRECT_OBJC_ISA_USAGE = YES_ERROR;
				CLANG_WARN_DOCUMENTATION_COMMENTS = YES;
				CLANG_WARN_EMPTY_BODY = YES;
				CLANG_WARN_ENUM_CONVERSION = YES;
				CLANG_WARN_INFINITE_RECURSION = YES;
				CLANG_WARN_INT_CONVERSION = YES;
				CLANG_WARN_NON_LITERAL_NULL_CONVERSION = YES;
				CLANG_WARN_OBJC_IMPLICIT_RETAIN_SELF = YES;
				CLANG_WARN_OBJC_LITERAL_CONVERSION = YES;
				CLANG_WARN_OBJC_ROOT_CLASS = YES_ERROR;
				CLANG_WARN_RANGE_LOOP_ANALYSIS = YES;
				CLANG_WARN_STRICT_PROTOTYPES = YES;
				CLANG_WARN_SUSPICIOUS_MOVE = YES;
				CLANG_WARN_UNGUARDED_AVAILABILITY = YES_AGGRESSIVE;
				CLANG_WARN_UNREACHABLE_CODE = YES;
				CLANG_WARN__DUPLICATE_METHOD_MATCH = YES;
				COPY_PHASE_STRIP = NO;
				DEBUG_INFORMATION_FORMAT = "dwarf-with-dsym";
				ENABLE_NS_ASSERTIONS = NO;
				ENABLE_STRICT_OBJC_MSGSEND = YES;
				GCC_C_LANGUAGE_STANDARD = gnu11;
				GCC_NO_COMMON_BLOCKS = YES;
				GCC_WARN_64_TO_32_BIT_CONVERSION = YES;
				GCC_WARN_ABOUT_RETURN_TYPE = YES_ERROR;
				GCC_WARN_UNDECLARED_SELECTOR = YES;
				GCC_WARN_UNINITIALIZED_AUTOS = YES_AGGRESSIVE;
				GCC_WARN_UNUSED_FUNCTION = YES;
				GCC_WARN_UNUSED_VARIABLE = YES;
				IPHONEOS_DEPLOYMENT_TARGET = 13.2;
				MTL_ENABLE_DEBUG_INFO = NO;
				MTL_FAST_MATH = YES;
				SDKROOT = iphoneos;
				SWIFT_COMPILATION_MODE = wholemodule;
				SWIFT_OPTIMIZATION_LEVEL = "-O";
				VALIDATE_PRODUCT = YES;
			};
			name = Release;
		};
		C5DCAF79240AD6EB00353623 /* Debug */ = {
			isa = XCBuildConfiguration;
			buildSettings = {
				ASSETCATALOG_COMPILER_APPICON_NAME = AppIcon;
				CODE_SIGN_STYLE = Automatic;
				DEVELOPMENT_ASSET_PATHS = "\"SwiftDishApp/Preview Content\"";
				DEVELOPMENT_TEAM = T37F3DMYC2;
				ENABLE_PREVIEWS = YES;
				INFOPLIST_FILE = SwiftDishApp/Info.plist;
				IPHONEOS_DEPLOYMENT_TARGET = 13.2;
				LD_RUNPATH_SEARCH_PATHS = (
					"$(inherited)",
					"@executable_path/Frameworks",
				);
				PRODUCT_BUNDLE_IDENTIFIER = mx.edu.delasalle.SwiftDishApp;
				PRODUCT_NAME = "$(TARGET_NAME)";
				SWIFT_VERSION = 5.0;
				TARGETED_DEVICE_FAMILY = 1;
			};
			name = Debug;
		};
		C5DCAF7A240AD6EB00353623 /* Release */ = {
			isa = XCBuildConfiguration;
			buildSettings = {
				ASSETCATALOG_COMPILER_APPICON_NAME = AppIcon;
				CODE_SIGN_STYLE = Automatic;
				DEVELOPMENT_ASSET_PATHS = "\"SwiftDishApp/Preview Content\"";
				DEVELOPMENT_TEAM = T37F3DMYC2;
				ENABLE_PREVIEWS = YES;
				INFOPLIST_FILE = SwiftDishApp/Info.plist;
				IPHONEOS_DEPLOYMENT_TARGET = 13.2;
				LD_RUNPATH_SEARCH_PATHS = (
					"$(inherited)",
					"@executable_path/Frameworks",
				);
				PRODUCT_BUNDLE_IDENTIFIER = mx.edu.delasalle.SwiftDishApp;
				PRODUCT_NAME = "$(TARGET_NAME)";
				SWIFT_VERSION = 5.0;
				TARGETED_DEVICE_FAMILY = 1;
			};
			name = Release;
		};
/* End XCBuildConfiguration section */

/* Begin XCConfigurationList section */
		C5DCAF5F240AD6E900353623 /* Build configuration list for PBXProject "SwiftDishApp" */ = {
			isa = XCConfigurationList;
			buildConfigurations = (
				C5DCAF76240AD6EB00353623 /* Debug */,
				C5DCAF77240AD6EB00353623 /* Release */,
			);
			defaultConfigurationIsVisible = 0;
			defaultConfigurationName = Release;
		};
		C5DCAF78240AD6EB00353623 /* Build configuration list for PBXNativeTarget "SwiftDishApp" */ = {
			isa = XCConfigurationList;
			buildConfigurations = (
				C5DCAF79240AD6EB00353623 /* Debug */,
				C5DCAF7A240AD6EB00353623 /* Release */,
			);
			defaultConfigurationIsVisible = 0;
			defaultConfigurationName = Release;
		};
/* End XCConfigurationList section */
	};
	rootObject = C5DCAF5C240AD6E900353623 /* Project object */;
}
